
Microsoft Visual Studio Solution File, Format Version 12.00
# Visual Studio Version 17
VisualStudioVersion = 17.3.32929.385
MinimumVisualStudioVersion = 10.0.40219.1
Project("{FAE04EC0-301F-11D3-BF4B-00C04F79EFBC}") = "Vote", "Vote.csproj", "{219F47D9-7AD9-48FF-8C69-BFE83FE634DB}"
EndProject
Global
	GlobalSection(SolutionConfigurationPlatforms) = preSolution
		Debug|Any CPU = Debug|Any CPU
		Release|Any CPU = Release|Any CPU
	EndGlobalSection
	GlobalSection(ProjectConfigurationPlatforms) = postSolution
		{219F47D9-7AD9-48FF-8C69-BFE83FE634DB}.Debug|Any CPU.ActiveCfg = Debug|Any CPU
		{219F47D9-7AD9-48FF-8C69-BFE83FE634DB}.Debug|Any CPU.Build.0 = Debug|Any CPU
		{219F47D9-7AD9-48FF-8C69-BFE83FE634DB}.Release|Any CPU.ActiveCfg = Release|Any CPU
		{219F47D9-7AD9-48FF-8C69-BFE83FE634DB}.Release|Any CPU.Build.0 = Release|Any CPU
	EndGlobalSection
	GlobalSection(SolutionProperties) = preSolution
		HideSolutionNode = FALSE
	EndGlobalSection
	GlobalSection(ExtensibilityGlobals) = postSolution
		SolutionGuid = {631F9B71-D902-4074-AF14-B111ABF9D57E}
	EndGlobalSection
EndGlobal
